// !$*UTF8*$!
{
	archiveVersion = 1;
	classes = {
	};
	objectVersion = 55;
	objects = {

/* Begin PBXBuildFile section */
		6F2B958927C4C6290091F706 /* createIngredient.swift in Sources */ = {isa = PBXBuildFile; fileRef = 6F2B958827C4C6290091F706 /* createIngredient.swift */; };
		6F2B958C27C4E3790091F706 /* ingredientService.swift in Sources */ = {isa = PBXBuildFile; fileRef = 6F2B958B27C4E3790091F706 /* ingredientService.swift */; };
		6F2B959227C660CE0091F706 /* createRecipe.swift in Sources */ = {isa = PBXBuildFile; fileRef = 6F2B959127C660CE0091F706 /* createRecipe.swift */; };
		6F3D383A27BD5DEC008C36CD /* listIngredient.swift in Sources */ = {isa = PBXBuildFile; fileRef = 6F3D383927BD5DEC008C36CD /* listIngredient.swift */; };
		6F3D383D27BE3DF1008C36CD /* JSONHelper.swift in Sources */ = {isa = PBXBuildFile; fileRef = 6F3D383C27BE3DF1008C36CD /* JSONHelper.swift */; };
		6F3D384027BE4065008C36CD /* RecipeDTO.swift in Sources */ = {isa = PBXBuildFile; fileRef = 6F3D383F27BE4065008C36CD /* RecipeDTO.swift */; };
		6F3D384227BE442E008C36CD /* urlSessionExtend.swift in Sources */ = {isa = PBXBuildFile; fileRef = 6F3D384127BE442E008C36CD /* urlSessionExtend.swift */; };
		6F3D384427BE54A1008C36CD /* readIngredient.swift in Sources */ = {isa = PBXBuildFile; fileRef = 6F3D384327BE54A1008C36CD /* readIngredient.swift */; };
		6F3D384627BE7973008C36CD /* IngredientDTO.swift in Sources */ = {isa = PBXBuildFile; fileRef = 6F3D384527BE7973008C36CD /* IngredientDTO.swift */; };
		6F3D384827BE7BC1008C36CD /* AllergenDTO.swift in Sources */ = {isa = PBXBuildFile; fileRef = 6F3D384727BE7BC1008C36CD /* AllergenDTO.swift */; };
		6F3D384A27BE7BDE008C36CD /* DenreeDTO.swift in Sources */ = {isa = PBXBuildFile; fileRef = 6F3D384927BE7BDE008C36CD /* DenreeDTO.swift */; };
		6F3D385027BE949B008C36CD /* IntentListIngredient.swift in Sources */ = {isa = PBXBuildFile; fileRef = 6F3D384F27BE949B008C36CD /* IntentListIngredient.swift */; };
		6F3D385227C12E59008C36CD /* imgDTO.swift in Sources */ = {isa = PBXBuildFile; fileRef = 6F3D385127C12E59008C36CD /* imgDTO.swift */; };
		6F5ABBFD27C7E8ED00B03138 /* allergenService.swift in Sources */ = {isa = PBXBuildFile; fileRef = 6F5ABBFC27C7E8ED00B03138 /* allergenService.swift */; };
		6F5ABBFF27C90FD100B03138 /* createStep.swift in Sources */ = {isa = PBXBuildFile; fileRef = 6F5ABBFE27C90FD100B03138 /* createStep.swift */; };
		6F5ABC0127C9165B00B03138 /* IntentRecipeCreate.swift in Sources */ = {isa = PBXBuildFile; fileRef = 6F5ABC0027C9165B00B03138 /* IntentRecipeCreate.swift */; };
		6F5ABC0327C92BC900B03138 /* RecipeCreateStepListVM.swift in Sources */ = {isa = PBXBuildFile; fileRef = 6F5ABC0227C92BC900B03138 /* RecipeCreateStepListVM.swift */; };
		6F5ABC0827CA667D00B03138 /* IngredientListVM.swift in Sources */ = {isa = PBXBuildFile; fileRef = 6F5ABC0727CA667D00B03138 /* IngredientListVM.swift */; };
		6F686C3F27D2566800CCF864 /* Cout.swift in Sources */ = {isa = PBXBuildFile; fileRef = 6F686C3E27D2566800CCF864 /* Cout.swift */; };
		6F686C4327D259DB00CCF864 /* CostDTO.swift in Sources */ = {isa = PBXBuildFile; fileRef = 6F686C4227D259DB00CCF864 /* CostDTO.swift */; };
		6F8E0E9327CD1F7100994BFD /* createDenree.swift in Sources */ = {isa = PBXBuildFile; fileRef = 6F8E0E9227CD1F7100994BFD /* createDenree.swift */; };
		6F8E0E9527CD1FA600994BFD /* RecipeDenreeCreateVM.swift in Sources */ = {isa = PBXBuildFile; fileRef = 6F8E0E9427CD1FA600994BFD /* RecipeDenreeCreateVM.swift */; };
		6F8E0E9727CE44B200994BFD /* IntentRecipeRead.swift in Sources */ = {isa = PBXBuildFile; fileRef = 6F8E0E9627CE44B200994BFD /* IntentRecipeRead.swift */; };
		6F8E0E9927CE45C600994BFD /* RecipeReadVM.swift in Sources */ = {isa = PBXBuildFile; fileRef = 6F8E0E9827CE45C600994BFD /* RecipeReadVM.swift */; };
		6F8E0EA027CFBF6200994BFD /* ReadDenree.swift in Sources */ = {isa = PBXBuildFile; fileRef = 6F8E0E9F27CFBF6200994BFD /* ReadDenree.swift */; };
		6F8E0EA527CFC38300994BFD /* StepReadVM.swift in Sources */ = {isa = PBXBuildFile; fileRef = 6F8E0EA427CFC38300994BFD /* StepReadVM.swift */; };
		6F8E0EA827CFC84A00994BFD /* IntentStepRead.swift in Sources */ = {isa = PBXBuildFile; fileRef = 6F8E0EA727CFC84A00994BFD /* IntentStepRead.swift */; };
		6F8E0EAA27CFD91200994BFD /* ReadStep.swift in Sources */ = {isa = PBXBuildFile; fileRef = 6F8E0EA927CFD91200994BFD /* ReadStep.swift */; };
		6FC966BD27B54BA5006C33B4 /* Tests_iOS.swift in Sources */ = {isa = PBXBuildFile; fileRef = 6FC966BC27B54BA5006C33B4 /* Tests_iOS.swift */; };
		6FC966BF27B54BA5006C33B4 /* Tests_iOSLaunchTests.swift in Sources */ = {isa = PBXBuildFile; fileRef = 6FC966BE27B54BA5006C33B4 /* Tests_iOSLaunchTests.swift */; };
		6FC966C927B54BA5006C33B4 /* Tests_macOS.swift in Sources */ = {isa = PBXBuildFile; fileRef = 6FC966C827B54BA5006C33B4 /* Tests_macOS.swift */; };
		6FC966CB27B54BA5006C33B4 /* Tests_macOSLaunchTests.swift in Sources */ = {isa = PBXBuildFile; fileRef = 6FC966CA27B54BA5006C33B4 /* Tests_macOSLaunchTests.swift */; };
		6FC966CC27B54BA5006C33B4 /* fiche_technique_cuisineApp.swift in Sources */ = {isa = PBXBuildFile; fileRef = 6FC966A427B54BA4006C33B4 /* fiche_technique_cuisineApp.swift */; };
		6FC966CD27B54BA5006C33B4 /* fiche_technique_cuisineApp.swift in Sources */ = {isa = PBXBuildFile; fileRef = 6FC966A427B54BA4006C33B4 /* fiche_technique_cuisineApp.swift */; };
		6FC966CE27B54BA5006C33B4 /* ContentView.swift in Sources */ = {isa = PBXBuildFile; fileRef = 6FC966A527B54BA4006C33B4 /* ContentView.swift */; };
		6FC966D027B54BA5006C33B4 /* Assets.xcassets in Resources */ = {isa = PBXBuildFile; fileRef = 6FC966A627B54BA5006C33B4 /* Assets.xcassets */; };
		6FC966D127B54BA5006C33B4 /* Assets.xcassets in Resources */ = {isa = PBXBuildFile; fileRef = 6FC966A627B54BA5006C33B4 /* Assets.xcassets */; };
		6FC966E227BBE74B006C33B4 /* allergen.swift in Sources */ = {isa = PBXBuildFile; fileRef = 6FC966E127BBE74B006C33B4 /* allergen.swift */; };
		6FC966E427BBF6A2006C33B4 /* cost.swift in Sources */ = {isa = PBXBuildFile; fileRef = 6FC966E327BBF6A2006C33B4 /* cost.swift */; };
		6FC966E627BBF819006C33B4 /* ingredient.swift in Sources */ = {isa = PBXBuildFile; fileRef = 6FC966E527BBF819006C33B4 /* ingredient.swift */; };
		6FC966ED27BC152F006C33B4 /* listRecipe.swift in Sources */ = {isa = PBXBuildFile; fileRef = 6FC966EC27BC152F006C33B4 /* listRecipe.swift */; };
		6FC966EE27BC15E4006C33B4 /* ContentView.swift in Sources */ = {isa = PBXBuildFile; fileRef = 6FC966A527B54BA4006C33B4 /* ContentView.swift */; };
		6FC966F027BC1C61006C33B4 /* denree.swift in Sources */ = {isa = PBXBuildFile; fileRef = 6FC966EF27BC1C61006C33B4 /* denree.swift */; };
		6FC966F227BC455E006C33B4 /* recipe-or-step.swift in Sources */ = {isa = PBXBuildFile; fileRef = 6FC966F127BC455E006C33B4 /* recipe-or-step.swift */; };
		6FC966F627BC46B5006C33B4 /* step.swift in Sources */ = {isa = PBXBuildFile; fileRef = 6FC966F527BC46B5006C33B4 /* step.swift */; };
		6FC966FA27BC47CF006C33B4 /* recipe.swift in Sources */ = {isa = PBXBuildFile; fileRef = 6FC966F927BC47CF006C33B4 /* recipe.swift */; };
		6FFC432227CAAC5400915E90 /* StepService.swift in Sources */ = {isa = PBXBuildFile; fileRef = 6FFC432127CAAC5400915E90 /* StepService.swift */; };
		6FFC432427CAACFE00915E90 /* StepDTO.swift in Sources */ = {isa = PBXBuildFile; fileRef = 6FFC432327CAACFE00915E90 /* StepDTO.swift */; };
		6FFC432727CAC9CD00915E90 /* DenreeService.swift in Sources */ = {isa = PBXBuildFile; fileRef = 6FFC432627CAC9CD00915E90 /* DenreeService.swift */; };
		6FFC432927CBADF100915E90 /* IntentIngredientCreate.swift in Sources */ = {isa = PBXBuildFile; fileRef = 6FFC432827CBADF100915E90 /* IntentIngredientCreate.swift */; };
		6FFC432B27CBAF0D00915E90 /* IngredientCreateVM.swift in Sources */ = {isa = PBXBuildFile; fileRef = 6FFC432A27CBAF0D00915E90 /* IngredientCreateVM.swift */; };
		B70F364D27C616E500068F4B /* readRecipe.swift in Sources */ = {isa = PBXBuildFile; fileRef = B70F364C27C616E500068F4B /* readRecipe.swift */; };
		B763C8AE27C4C91500C79DAF /* listAllergen.swift in Sources */ = {isa = PBXBuildFile; fileRef = B763C8AD27C4C91500C79DAF /* listAllergen.swift */; };
		B763C8B727C4DFB700C79DAF /* IntentListAllergen.swift in Sources */ = {isa = PBXBuildFile; fileRef = B763C8B627C4DFB700C79DAF /* IntentListAllergen.swift */; };
		B763C8B927C4E40200C79DAF /* createAllergen.swift in Sources */ = {isa = PBXBuildFile; fileRef = B763C8B827C4E40200C79DAF /* createAllergen.swift */; };
		B7DEF6DE27C514E4003A53BC /* RecipeService.swift in Sources */ = {isa = PBXBuildFile; fileRef = B7DEF6DD27C514E4003A53BC /* RecipeService.swift */; };
		B7DEF6E227C518F6003A53BC /* RecipeOrStepDTO.swift in Sources */ = {isa = PBXBuildFile; fileRef = B7DEF6E127C518F6003A53BC /* RecipeOrStepDTO.swift */; };
		B7DEF6E527C5245C003A53BC /* IntentRecipeList.swift in Sources */ = {isa = PBXBuildFile; fileRef = B7DEF6E427C5245C003A53BC /* IntentRecipeList.swift */; };
		B7DEF6E827C52972003A53BC /* RecipeListeVM.swift in Sources */ = {isa = PBXBuildFile; fileRef = B7DEF6E727C52972003A53BC /* RecipeListeVM.swift */; };
/* End PBXBuildFile section */

/* Begin PBXContainerItemProxy section */
		6FC966B927B54BA5006C33B4 /* PBXContainerItemProxy */ = {
			isa = PBXContainerItemProxy;
			containerPortal = 6FC9669F27B54BA4006C33B4 /* Project object */;
			proxyType = 1;
			remoteGlobalIDString = 6FC966AA27B54BA5006C33B4;
			remoteInfo = "fiche-technique-cuisine (iOS)";
		};
		6FC966C527B54BA5006C33B4 /* PBXContainerItemProxy */ = {
			isa = PBXContainerItemProxy;
			containerPortal = 6FC9669F27B54BA4006C33B4 /* Project object */;
			proxyType = 1;
			remoteGlobalIDString = 6FC966B027B54BA5006C33B4;
			remoteInfo = "fiche-technique-cuisine (macOS)";
		};
/* End PBXContainerItemProxy section */

/* Begin PBXFileReference section */
		6F2B958827C4C6290091F706 /* createIngredient.swift */ = {isa = PBXFileReference; lastKnownFileType = sourcecode.swift; path = createIngredient.swift; sourceTree = "<group>"; };
		6F2B958B27C4E3790091F706 /* ingredientService.swift */ = {isa = PBXFileReference; lastKnownFileType = sourcecode.swift; path = ingredientService.swift; sourceTree = "<group>"; };
		6F2B959127C660CE0091F706 /* createRecipe.swift */ = {isa = PBXFileReference; lastKnownFileType = sourcecode.swift; path = createRecipe.swift; sourceTree = "<group>"; };
		6F3D383927BD5DEC008C36CD /* listIngredient.swift */ = {isa = PBXFileReference; lastKnownFileType = sourcecode.swift; path = listIngredient.swift; sourceTree = "<group>"; };
		6F3D383C27BE3DF1008C36CD /* JSONHelper.swift */ = {isa = PBXFileReference; lastKnownFileType = sourcecode.swift; path = JSONHelper.swift; sourceTree = "<group>"; };
		6F3D383F27BE4065008C36CD /* RecipeDTO.swift */ = {isa = PBXFileReference; lastKnownFileType = sourcecode.swift; path = RecipeDTO.swift; sourceTree = "<group>"; };
		6F3D384127BE442E008C36CD /* urlSessionExtend.swift */ = {isa = PBXFileReference; lastKnownFileType = sourcecode.swift; path = urlSessionExtend.swift; sourceTree = "<group>"; };
		6F3D384327BE54A1008C36CD /* readIngredient.swift */ = {isa = PBXFileReference; lastKnownFileType = sourcecode.swift; path = readIngredient.swift; sourceTree = "<group>"; };
		6F3D384527BE7973008C36CD /* IngredientDTO.swift */ = {isa = PBXFileReference; lastKnownFileType = sourcecode.swift; path = IngredientDTO.swift; sourceTree = "<group>"; };
		6F3D384727BE7BC1008C36CD /* AllergenDTO.swift */ = {isa = PBXFileReference; lastKnownFileType = sourcecode.swift; path = AllergenDTO.swift; sourceTree = "<group>"; };
		6F3D384927BE7BDE008C36CD /* DenreeDTO.swift */ = {isa = PBXFileReference; lastKnownFileType = sourcecode.swift; path = DenreeDTO.swift; sourceTree = "<group>"; };
		6F3D384F27BE949B008C36CD /* IntentListIngredient.swift */ = {isa = PBXFileReference; lastKnownFileType = sourcecode.swift; path = IntentListIngredient.swift; sourceTree = "<group>"; };
		6F3D385127C12E59008C36CD /* imgDTO.swift */ = {isa = PBXFileReference; lastKnownFileType = sourcecode.swift; path = imgDTO.swift; sourceTree = "<group>"; };
		6F5ABBFC27C7E8ED00B03138 /* allergenService.swift */ = {isa = PBXFileReference; lastKnownFileType = sourcecode.swift; path = allergenService.swift; sourceTree = "<group>"; };
		6F5ABBFE27C90FD100B03138 /* createStep.swift */ = {isa = PBXFileReference; lastKnownFileType = sourcecode.swift; path = createStep.swift; sourceTree = "<group>"; };
		6F5ABC0027C9165B00B03138 /* IntentRecipeCreate.swift */ = {isa = PBXFileReference; lastKnownFileType = sourcecode.swift; path = IntentRecipeCreate.swift; sourceTree = "<group>"; };
		6F5ABC0227C92BC900B03138 /* RecipeCreateStepListVM.swift */ = {isa = PBXFileReference; lastKnownFileType = sourcecode.swift; path = RecipeCreateStepListVM.swift; sourceTree = "<group>"; };
		6F5ABC0727CA667D00B03138 /* IngredientListVM.swift */ = {isa = PBXFileReference; lastKnownFileType = sourcecode.swift; path = IngredientListVM.swift; sourceTree = "<group>"; };
		6F686C3E27D2566800CCF864 /* Cout.swift */ = {isa = PBXFileReference; lastKnownFileType = sourcecode.swift; path = Cout.swift; sourceTree = "<group>"; };
		6F686C4227D259DB00CCF864 /* CostDTO.swift */ = {isa = PBXFileReference; lastKnownFileType = sourcecode.swift; path = CostDTO.swift; sourceTree = "<group>"; };
		6F8E0E9227CD1F7100994BFD /* createDenree.swift */ = {isa = PBXFileReference; lastKnownFileType = sourcecode.swift; path = createDenree.swift; sourceTree = "<group>"; };
		6F8E0E9427CD1FA600994BFD /* RecipeDenreeCreateVM.swift */ = {isa = PBXFileReference; lastKnownFileType = sourcecode.swift; path = RecipeDenreeCreateVM.swift; sourceTree = "<group>"; };
		6F8E0E9627CE44B200994BFD /* IntentRecipeRead.swift */ = {isa = PBXFileReference; lastKnownFileType = sourcecode.swift; path = IntentRecipeRead.swift; sourceTree = "<group>"; };
		6F8E0E9827CE45C600994BFD /* RecipeReadVM.swift */ = {isa = PBXFileReference; lastKnownFileType = sourcecode.swift; path = RecipeReadVM.swift; sourceTree = "<group>"; };
		6F8E0E9F27CFBF6200994BFD /* ReadDenree.swift */ = {isa = PBXFileReference; lastKnownFileType = sourcecode.swift; path = ReadDenree.swift; sourceTree = "<group>"; };
		6F8E0EA427CFC38300994BFD /* StepReadVM.swift */ = {isa = PBXFileReference; lastKnownFileType = sourcecode.swift; path = StepReadVM.swift; sourceTree = "<group>"; };
		6F8E0EA727CFC84A00994BFD /* IntentStepRead.swift */ = {isa = PBXFileReference; lastKnownFileType = sourcecode.swift; path = IntentStepRead.swift; sourceTree = "<group>"; };
		6F8E0EA927CFD91200994BFD /* ReadStep.swift */ = {isa = PBXFileReference; lastKnownFileType = sourcecode.swift; path = ReadStep.swift; sourceTree = "<group>"; };
		6FC966A427B54BA4006C33B4 /* fiche_technique_cuisineApp.swift */ = {isa = PBXFileReference; lastKnownFileType = sourcecode.swift; path = fiche_technique_cuisineApp.swift; sourceTree = "<group>"; };
		6FC966A527B54BA4006C33B4 /* ContentView.swift */ = {isa = PBXFileReference; lastKnownFileType = sourcecode.swift; path = ContentView.swift; sourceTree = "<group>"; };
		6FC966A627B54BA5006C33B4 /* Assets.xcassets */ = {isa = PBXFileReference; lastKnownFileType = folder.assetcatalog; path = Assets.xcassets; sourceTree = "<group>"; };
		6FC966AB27B54BA5006C33B4 /* fiche-technique-cuisine.app */ = {isa = PBXFileReference; explicitFileType = wrapper.application; includeInIndex = 0; path = "fiche-technique-cuisine.app"; sourceTree = BUILT_PRODUCTS_DIR; };
		6FC966B127B54BA5006C33B4 /* fiche-technique-cuisine.app */ = {isa = PBXFileReference; explicitFileType = wrapper.application; includeInIndex = 0; path = "fiche-technique-cuisine.app"; sourceTree = BUILT_PRODUCTS_DIR; };
		6FC966B327B54BA5006C33B4 /* macOS.entitlements */ = {isa = PBXFileReference; lastKnownFileType = text.plist.entitlements; path = macOS.entitlements; sourceTree = "<group>"; };
		6FC966B827B54BA5006C33B4 /* Tests iOS.xctest */ = {isa = PBXFileReference; explicitFileType = wrapper.cfbundle; includeInIndex = 0; path = "Tests iOS.xctest"; sourceTree = BUILT_PRODUCTS_DIR; };
		6FC966BC27B54BA5006C33B4 /* Tests_iOS.swift */ = {isa = PBXFileReference; lastKnownFileType = sourcecode.swift; path = Tests_iOS.swift; sourceTree = "<group>"; };
		6FC966BE27B54BA5006C33B4 /* Tests_iOSLaunchTests.swift */ = {isa = PBXFileReference; lastKnownFileType = sourcecode.swift; path = Tests_iOSLaunchTests.swift; sourceTree = "<group>"; };
		6FC966C427B54BA5006C33B4 /* Tests macOS.xctest */ = {isa = PBXFileReference; explicitFileType = wrapper.cfbundle; includeInIndex = 0; path = "Tests macOS.xctest"; sourceTree = BUILT_PRODUCTS_DIR; };
		6FC966C827B54BA5006C33B4 /* Tests_macOS.swift */ = {isa = PBXFileReference; lastKnownFileType = sourcecode.swift; path = Tests_macOS.swift; sourceTree = "<group>"; };
		6FC966CA27B54BA5006C33B4 /* Tests_macOSLaunchTests.swift */ = {isa = PBXFileReference; lastKnownFileType = sourcecode.swift; path = Tests_macOSLaunchTests.swift; sourceTree = "<group>"; };
		6FC966E127BBE74B006C33B4 /* allergen.swift */ = {isa = PBXFileReference; lastKnownFileType = sourcecode.swift; path = allergen.swift; sourceTree = "<group>"; };
		6FC966E327BBF6A2006C33B4 /* cost.swift */ = {isa = PBXFileReference; lastKnownFileType = sourcecode.swift; path = cost.swift; sourceTree = "<group>"; };
		6FC966E527BBF819006C33B4 /* ingredient.swift */ = {isa = PBXFileReference; lastKnownFileType = sourcecode.swift; path = ingredient.swift; sourceTree = "<group>"; };
		6FC966EC27BC152F006C33B4 /* listRecipe.swift */ = {isa = PBXFileReference; lastKnownFileType = sourcecode.swift; path = listRecipe.swift; sourceTree = "<group>"; };
		6FC966EF27BC1C61006C33B4 /* denree.swift */ = {isa = PBXFileReference; lastKnownFileType = sourcecode.swift; path = denree.swift; sourceTree = "<group>"; };
		6FC966F127BC455E006C33B4 /* recipe-or-step.swift */ = {isa = PBXFileReference; lastKnownFileType = sourcecode.swift; path = "recipe-or-step.swift"; sourceTree = "<group>"; };
		6FC966F527BC46B5006C33B4 /* step.swift */ = {isa = PBXFileReference; lastKnownFileType = sourcecode.swift; path = step.swift; sourceTree = "<group>"; };
		6FC966F927BC47CF006C33B4 /* recipe.swift */ = {isa = PBXFileReference; lastKnownFileType = sourcecode.swift; path = recipe.swift; sourceTree = "<group>"; };
		6FFC432127CAAC5400915E90 /* StepService.swift */ = {isa = PBXFileReference; lastKnownFileType = sourcecode.swift; path = StepService.swift; sourceTree = "<group>"; };
		6FFC432327CAACFE00915E90 /* StepDTO.swift */ = {isa = PBXFileReference; lastKnownFileType = sourcecode.swift; path = StepDTO.swift; sourceTree = "<group>"; };
		6FFC432627CAC9CD00915E90 /* DenreeService.swift */ = {isa = PBXFileReference; lastKnownFileType = sourcecode.swift; path = DenreeService.swift; sourceTree = "<group>"; };
		6FFC432827CBADF100915E90 /* IntentIngredientCreate.swift */ = {isa = PBXFileReference; lastKnownFileType = sourcecode.swift; path = IntentIngredientCreate.swift; sourceTree = "<group>"; };
		6FFC432A27CBAF0D00915E90 /* IngredientCreateVM.swift */ = {isa = PBXFileReference; lastKnownFileType = sourcecode.swift; path = IngredientCreateVM.swift; sourceTree = "<group>"; };
		B70F364C27C616E500068F4B /* readRecipe.swift */ = {isa = PBXFileReference; lastKnownFileType = sourcecode.swift; path = readRecipe.swift; sourceTree = "<group>"; };
		B763C8AD27C4C91500C79DAF /* listAllergen.swift */ = {isa = PBXFileReference; lastKnownFileType = sourcecode.swift; path = listAllergen.swift; sourceTree = "<group>"; };
		B763C8B627C4DFB700C79DAF /* IntentListAllergen.swift */ = {isa = PBXFileReference; lastKnownFileType = sourcecode.swift; path = IntentListAllergen.swift; sourceTree = "<group>"; };
		B763C8B827C4E40200C79DAF /* createAllergen.swift */ = {isa = PBXFileReference; lastKnownFileType = sourcecode.swift; path = createAllergen.swift; sourceTree = "<group>"; };
		B7DEF6DD27C514E4003A53BC /* RecipeService.swift */ = {isa = PBXFileReference; lastKnownFileType = sourcecode.swift; path = RecipeService.swift; sourceTree = "<group>"; };
		B7DEF6E127C518F6003A53BC /* RecipeOrStepDTO.swift */ = {isa = PBXFileReference; lastKnownFileType = sourcecode.swift; path = RecipeOrStepDTO.swift; sourceTree = "<group>"; };
		B7DEF6E427C5245C003A53BC /* IntentRecipeList.swift */ = {isa = PBXFileReference; lastKnownFileType = sourcecode.swift; path = IntentRecipeList.swift; sourceTree = "<group>"; };
		B7DEF6E727C52972003A53BC /* RecipeListeVM.swift */ = {isa = PBXFileReference; lastKnownFileType = sourcecode.swift; path = RecipeListeVM.swift; sourceTree = "<group>"; };
/* End PBXFileReference section */

/* Begin PBXFrameworksBuildPhase section */
		6FC966A827B54BA5006C33B4 /* Frameworks */ = {
			isa = PBXFrameworksBuildPhase;
			buildActionMask = 2147483647;
			files = (
			);
			runOnlyForDeploymentPostprocessing = 0;
		};
		6FC966AE27B54BA5006C33B4 /* Frameworks */ = {
			isa = PBXFrameworksBuildPhase;
			buildActionMask = 2147483647;
			files = (
			);
			runOnlyForDeploymentPostprocessing = 0;
		};
		6FC966B527B54BA5006C33B4 /* Frameworks */ = {
			isa = PBXFrameworksBuildPhase;
			buildActionMask = 2147483647;
			files = (
			);
			runOnlyForDeploymentPostprocessing = 0;
		};
		6FC966C127B54BA5006C33B4 /* Frameworks */ = {
			isa = PBXFrameworksBuildPhase;
			buildActionMask = 2147483647;
			files = (
			);
			runOnlyForDeploymentPostprocessing = 0;
		};
/* End PBXFrameworksBuildPhase section */

/* Begin PBXGroup section */
		6F2B958A27C4E3510091F706 /* service */ = {
			isa = PBXGroup;
			children = (
				6FFC432527CAC9B700915E90 /* Denree */,
				6FFC432027CAAC4000915E90 /* Step */,
				B7DEF6DC27C514D3003A53BC /* Recipe */,
				6F2B958B27C4E3790091F706 /* ingredientService.swift */,
				6F5ABBFC27C7E8ED00B03138 /* allergenService.swift */,
			);
			path = service;
			sourceTree = "<group>";
		};
		6F3D383627BD5DC5008C36CD /* Ingredient */ = {
			isa = PBXGroup;
			children = (
				6F3D383927BD5DEC008C36CD /* listIngredient.swift */,
				6F3D384327BE54A1008C36CD /* readIngredient.swift */,
				6F2B958827C4C6290091F706 /* createIngredient.swift */,
			);
			path = Ingredient;
			sourceTree = "<group>";
		};
		6F3D383B27BE3DCD008C36CD /* Helpers */ = {
			isa = PBXGroup;
			children = (
				6F3D383C27BE3DF1008C36CD /* JSONHelper.swift */,
				6F3D384127BE442E008C36CD /* urlSessionExtend.swift */,
			);
			path = Helpers;
			sourceTree = "<group>";
		};
		6F3D383E27BE4037008C36CD /* DTO */ = {
			isa = PBXGroup;
			children = (
				6F3D383F27BE4065008C36CD /* RecipeDTO.swift */,
				6F3D384527BE7973008C36CD /* IngredientDTO.swift */,
				6F3D384727BE7BC1008C36CD /* AllergenDTO.swift */,
				6F3D384927BE7BDE008C36CD /* DenreeDTO.swift */,
				6F3D385127C12E59008C36CD /* imgDTO.swift */,
				B7DEF6E127C518F6003A53BC /* RecipeOrStepDTO.swift */,
				6FFC432327CAACFE00915E90 /* StepDTO.swift */,
				6F686C4227D259DB00CCF864 /* CostDTO.swift */,
			);
			path = DTO;
			sourceTree = "<group>";
		};
		6F3D384D27BE9470008C36CD /* Intent */ = {
			isa = PBXGroup;
			children = (
				6F8E0EA627CFC83000994BFD /* Step */,
				B7DEF6E327C5244D003A53BC /* Recipe */,
				B763C8B527C4DFA400C79DAF /* Allergen */,
				6F3D384E27BE9477008C36CD /* Ingredient */,
			);
			path = Intent;
			sourceTree = "<group>";
		};
		6F3D384E27BE9477008C36CD /* Ingredient */ = {
			isa = PBXGroup;
			children = (
				6F3D384F27BE949B008C36CD /* IntentListIngredient.swift */,
				6FFC432827CBADF100915E90 /* IntentIngredientCreate.swift */,
			);
			path = Ingredient;
			sourceTree = "<group>";
		};
		6F3D385327C402F0008C36CD /* Allergen */ = {
			isa = PBXGroup;
			children = (
				B763C8AD27C4C91500C79DAF /* listAllergen.swift */,
				B763C8B827C4E40200C79DAF /* createAllergen.swift */,
			);
			name = Allergen;
			sourceTree = "<group>";
		};
		6F5ABC0627CA664400B03138 /* Ingredient */ = {
			isa = PBXGroup;
			children = (
				6F5ABC0727CA667D00B03138 /* IngredientListVM.swift */,
				6FFC432A27CBAF0D00915E90 /* IngredientCreateVM.swift */,
			);
			path = Ingredient;
			sourceTree = "<group>";
		};
		6F5ABC0927CAA92B00B03138 /* Step */ = {
			isa = PBXGroup;
			children = (
				6F8E0EA927CFD91200994BFD /* ReadStep.swift */,
			);
			path = Step;
			sourceTree = "<group>";
		};
		6F8E0E9A27CFB9F500994BFD /* Denree */ = {
			isa = PBXGroup;
			children = (
				6F8E0E9F27CFBF6200994BFD /* ReadDenree.swift */,
			);
			path = Denree;
			sourceTree = "<group>";
		};
		6F8E0EA127CFC33D00994BFD /* Step */ = {
			isa = PBXGroup;
			children = (
				6F8E0EA427CFC38300994BFD /* StepReadVM.swift */,
			);
			path = Step;
			sourceTree = "<group>";
		};
		6F8E0EA627CFC83000994BFD /* Step */ = {
			isa = PBXGroup;
			children = (
				6F8E0EA727CFC84A00994BFD /* IntentStepRead.swift */,
			);
			path = Step;
			sourceTree = "<group>";
		};
		6FC9669E27B54BA4006C33B4 = {
			isa = PBXGroup;
			children = (
				6FC966A327B54BA4006C33B4 /* Shared */,
				6FC966B227B54BA5006C33B4 /* macOS */,
				6FC966BB27B54BA5006C33B4 /* Tests iOS */,
				6FC966C727B54BA5006C33B4 /* Tests macOS */,
				6FC966AC27B54BA5006C33B4 /* Products */,
			);
			sourceTree = "<group>";
		};
		6FC966A327B54BA4006C33B4 /* Shared */ = {
			isa = PBXGroup;
			children = (
				6F2B958A27C4E3510091F706 /* service */,
				B763C8B127C4DEAD00C79DAF /* VM */,
				6F3D384D27BE9470008C36CD /* Intent */,
				6F3D383E27BE4037008C36CD /* DTO */,
				6F3D383B27BE3DCD008C36CD /* Helpers */,
				6FC966E827BC131D006C33B4 /* Interface */,
				6FC966E027BBE71C006C33B4 /* Model */,
				6FC966A427B54BA4006C33B4 /* fiche_technique_cuisineApp.swift */,
				6FC966A527B54BA4006C33B4 /* ContentView.swift */,
				6FC966A627B54BA5006C33B4 /* Assets.xcassets */,
			);
			path = Shared;
			sourceTree = "<group>";
		};
		6FC966AC27B54BA5006C33B4 /* Products */ = {
			isa = PBXGroup;
			children = (
				6FC966AB27B54BA5006C33B4 /* fiche-technique-cuisine.app */,
				6FC966B127B54BA5006C33B4 /* fiche-technique-cuisine.app */,
				6FC966B827B54BA5006C33B4 /* Tests iOS.xctest */,
				6FC966C427B54BA5006C33B4 /* Tests macOS.xctest */,
			);
			name = Products;
			sourceTree = "<group>";
		};
		6FC966B227B54BA5006C33B4 /* macOS */ = {
			isa = PBXGroup;
			children = (
				6FC966B327B54BA5006C33B4 /* macOS.entitlements */,
			);
			path = macOS;
			sourceTree = "<group>";
		};
		6FC966BB27B54BA5006C33B4 /* Tests iOS */ = {
			isa = PBXGroup;
			children = (
				6FC966BC27B54BA5006C33B4 /* Tests_iOS.swift */,
				6FC966BE27B54BA5006C33B4 /* Tests_iOSLaunchTests.swift */,
			);
			path = "Tests iOS";
			sourceTree = "<group>";
		};
		6FC966C727B54BA5006C33B4 /* Tests macOS */ = {
			isa = PBXGroup;
			children = (
				6FC966C827B54BA5006C33B4 /* Tests_macOS.swift */,
				6FC966CA27B54BA5006C33B4 /* Tests_macOSLaunchTests.swift */,
			);
			path = "Tests macOS";
			sourceTree = "<group>";
		};
		6FC966E027BBE71C006C33B4 /* Model */ = {
			isa = PBXGroup;
			children = (
				6FC966E127BBE74B006C33B4 /* allergen.swift */,
				6FC966E327BBF6A2006C33B4 /* cost.swift */,
				6FC966E527BBF819006C33B4 /* ingredient.swift */,
				6FC966EF27BC1C61006C33B4 /* denree.swift */,
				6FC966F127BC455E006C33B4 /* recipe-or-step.swift */,
				6FC966F527BC46B5006C33B4 /* step.swift */,
				6FC966F927BC47CF006C33B4 /* recipe.swift */,
			);
			name = Model;
			sourceTree = "<group>";
		};
		6FC966E827BC131D006C33B4 /* Interface */ = {
			isa = PBXGroup;
			children = (
				6F8E0E9A27CFB9F500994BFD /* Denree */,
				6F5ABC0927CAA92B00B03138 /* Step */,
				6F3D385327C402F0008C36CD /* Allergen */,
				6F3D383627BD5DC5008C36CD /* Ingredient */,
				6FC966E927BC132C006C33B4 /* Recipe */,
				6F686C3E27D2566800CCF864 /* Cout.swift */,
			);
			path = Interface;
			sourceTree = "<group>";
		};
		6FC966E927BC132C006C33B4 /* Recipe */ = {
			isa = PBXGroup;
			children = (
				6FC966EC27BC152F006C33B4 /* listRecipe.swift */,
				B70F364C27C616E500068F4B /* readRecipe.swift */,
				6F2B959127C660CE0091F706 /* createRecipe.swift */,
				6F5ABBFE27C90FD100B03138 /* createStep.swift */,
				6F8E0E9227CD1F7100994BFD /* createDenree.swift */,
			);
			name = Recipe;
			sourceTree = "<group>";
		};
		6FFC432027CAAC4000915E90 /* Step */ = {
			isa = PBXGroup;
			children = (
				6FFC432127CAAC5400915E90 /* StepService.swift */,
			);
			name = Step;
			sourceTree = "<group>";
		};
		6FFC432527CAC9B700915E90 /* Denree */ = {
			isa = PBXGroup;
			children = (
				6FFC432627CAC9CD00915E90 /* DenreeService.swift */,
			);
			path = Denree;
			sourceTree = "<group>";
		};
		B763C8B127C4DEAD00C79DAF /* VM */ = {
			isa = PBXGroup;
			children = (
				6F8E0EA127CFC33D00994BFD /* Step */,
				6F5ABC0627CA664400B03138 /* Ingredient */,
				B7DEF6E627C52960003A53BC /* Recipe */,
			);
			path = VM;
			sourceTree = "<group>";
		};
		B763C8B527C4DFA400C79DAF /* Allergen */ = {
			isa = PBXGroup;
			children = (
				B763C8B627C4DFB700C79DAF /* IntentListAllergen.swift */,
			);
			path = Allergen;
			sourceTree = "<group>";
		};
		B7DEF6DC27C514D3003A53BC /* Recipe */ = {
			isa = PBXGroup;
			children = (
				B7DEF6DD27C514E4003A53BC /* RecipeService.swift */,
			);
			path = Recipe;
			sourceTree = "<group>";
		};
		B7DEF6E327C5244D003A53BC /* Recipe */ = {
			isa = PBXGroup;
			children = (
				B7DEF6E427C5245C003A53BC /* IntentRecipeList.swift */,
				6F5ABC0027C9165B00B03138 /* IntentRecipeCreate.swift */,
				6F8E0E9627CE44B200994BFD /* IntentRecipeRead.swift */,
			);
			path = Recipe;
			sourceTree = "<group>";
		};
		B7DEF6E627C52960003A53BC /* Recipe */ = {
			isa = PBXGroup;
			children = (
				B7DEF6E727C52972003A53BC /* RecipeListeVM.swift */,
				6F5ABC0227C92BC900B03138 /* RecipeCreateStepListVM.swift */,
				6F8E0E9427CD1FA600994BFD /* RecipeDenreeCreateVM.swift */,
				6F8E0E9827CE45C600994BFD /* RecipeReadVM.swift */,
			);
			path = Recipe;
			sourceTree = "<group>";
		};
/* End PBXGroup section */

/* Begin PBXNativeTarget section */
		6FC966AA27B54BA5006C33B4 /* fiche-technique-cuisine (iOS) */ = {
			isa = PBXNativeTarget;
			buildConfigurationList = 6FC966D427B54BA5006C33B4 /* Build configuration list for PBXNativeTarget "fiche-technique-cuisine (iOS)" */;
			buildPhases = (
				6FC966A727B54BA5006C33B4 /* Sources */,
				6FC966A827B54BA5006C33B4 /* Frameworks */,
				6FC966A927B54BA5006C33B4 /* Resources */,
			);
			buildRules = (
			);
			dependencies = (
			);
			name = "fiche-technique-cuisine (iOS)";
			productName = "fiche-technique-cuisine (iOS)";
			productReference = 6FC966AB27B54BA5006C33B4 /* fiche-technique-cuisine.app */;
			productType = "com.apple.product-type.application";
		};
		6FC966B027B54BA5006C33B4 /* fiche-technique-cuisine (macOS) */ = {
			isa = PBXNativeTarget;
			buildConfigurationList = 6FC966D727B54BA5006C33B4 /* Build configuration list for PBXNativeTarget "fiche-technique-cuisine (macOS)" */;
			buildPhases = (
				6FC966AD27B54BA5006C33B4 /* Sources */,
				6FC966AE27B54BA5006C33B4 /* Frameworks */,
				6FC966AF27B54BA5006C33B4 /* Resources */,
			);
			buildRules = (
			);
			dependencies = (
			);
			name = "fiche-technique-cuisine (macOS)";
			productName = "fiche-technique-cuisine (macOS)";
			productReference = 6FC966B127B54BA5006C33B4 /* fiche-technique-cuisine.app */;
			productType = "com.apple.product-type.application";
		};
		6FC966B727B54BA5006C33B4 /* Tests iOS */ = {
			isa = PBXNativeTarget;
			buildConfigurationList = 6FC966DA27B54BA5006C33B4 /* Build configuration list for PBXNativeTarget "Tests iOS" */;
			buildPhases = (
				6FC966B427B54BA5006C33B4 /* Sources */,
				6FC966B527B54BA5006C33B4 /* Frameworks */,
				6FC966B627B54BA5006C33B4 /* Resources */,
			);
			buildRules = (
			);
			dependencies = (
				6FC966BA27B54BA5006C33B4 /* PBXTargetDependency */,
			);
			name = "Tests iOS";
			productName = "Tests iOS";
			productReference = 6FC966B827B54BA5006C33B4 /* Tests iOS.xctest */;
			productType = "com.apple.product-type.bundle.ui-testing";
		};
		6FC966C327B54BA5006C33B4 /* Tests macOS */ = {
			isa = PBXNativeTarget;
			buildConfigurationList = 6FC966DD27B54BA5006C33B4 /* Build configuration list for PBXNativeTarget "Tests macOS" */;
			buildPhases = (
				6FC966C027B54BA5006C33B4 /* Sources */,
				6FC966C127B54BA5006C33B4 /* Frameworks */,
				6FC966C227B54BA5006C33B4 /* Resources */,
			);
			buildRules = (
			);
			dependencies = (
				6FC966C627B54BA5006C33B4 /* PBXTargetDependency */,
			);
			name = "Tests macOS";
			productName = "Tests macOS";
			productReference = 6FC966C427B54BA5006C33B4 /* Tests macOS.xctest */;
			productType = "com.apple.product-type.bundle.ui-testing";
		};
/* End PBXNativeTarget section */

/* Begin PBXProject section */
		6FC9669F27B54BA4006C33B4 /* Project object */ = {
			isa = PBXProject;
			attributes = {
				BuildIndependentTargetsInParallel = 1;
				LastSwiftUpdateCheck = 1310;
				LastUpgradeCheck = 1310;
				TargetAttributes = {
					6FC966AA27B54BA5006C33B4 = {
						CreatedOnToolsVersion = 13.1;
					};
					6FC966B027B54BA5006C33B4 = {
						CreatedOnToolsVersion = 13.1;
					};
					6FC966B727B54BA5006C33B4 = {
						CreatedOnToolsVersion = 13.1;
						TestTargetID = 6FC966AA27B54BA5006C33B4;
					};
					6FC966C327B54BA5006C33B4 = {
						CreatedOnToolsVersion = 13.1;
						TestTargetID = 6FC966B027B54BA5006C33B4;
					};
				};
			};
			buildConfigurationList = 6FC966A227B54BA4006C33B4 /* Build configuration list for PBXProject "fiche-technique-cuisine" */;
			compatibilityVersion = "Xcode 13.0";
			developmentRegion = en;
			hasScannedForEncodings = 0;
			knownRegions = (
				en,
				Base,
			);
			mainGroup = 6FC9669E27B54BA4006C33B4;
			productRefGroup = 6FC966AC27B54BA5006C33B4 /* Products */;
			projectDirPath = "";
			projectRoot = "";
			targets = (
				6FC966AA27B54BA5006C33B4 /* fiche-technique-cuisine (iOS) */,
				6FC966B027B54BA5006C33B4 /* fiche-technique-cuisine (macOS) */,
				6FC966B727B54BA5006C33B4 /* Tests iOS */,
				6FC966C327B54BA5006C33B4 /* Tests macOS */,
			);
		};
/* End PBXProject section */

/* Begin PBXResourcesBuildPhase section */
		6FC966A927B54BA5006C33B4 /* Resources */ = {
			isa = PBXResourcesBuildPhase;
			buildActionMask = 2147483647;
			files = (
				6FC966D027B54BA5006C33B4 /* Assets.xcassets in Resources */,
			);
			runOnlyForDeploymentPostprocessing = 0;
		};
		6FC966AF27B54BA5006C33B4 /* Resources */ = {
			isa = PBXResourcesBuildPhase;
			buildActionMask = 2147483647;
			files = (
				6FC966D127B54BA5006C33B4 /* Assets.xcassets in Resources */,
			);
			runOnlyForDeploymentPostprocessing = 0;
		};
		6FC966B627B54BA5006C33B4 /* Resources */ = {
			isa = PBXResourcesBuildPhase;
			buildActionMask = 2147483647;
			files = (
			);
			runOnlyForDeploymentPostprocessing = 0;
		};
		6FC966C227B54BA5006C33B4 /* Resources */ = {
			isa = PBXResourcesBuildPhase;
			buildActionMask = 2147483647;
			files = (
			);
			runOnlyForDeploymentPostprocessing = 0;
		};
/* End PBXResourcesBuildPhase section */

/* Begin PBXSourcesBuildPhase section */
		6FC966A727B54BA5006C33B4 /* Sources */ = {
			isa = PBXSourcesBuildPhase;
			buildActionMask = 2147483647;
			files = (
				6F8E0E9927CE45C600994BFD /* RecipeReadVM.swift in Sources */,
				6FFC432227CAAC5400915E90 /* StepService.swift in Sources */,
				6FC966CE27B54BA5006C33B4 /* ContentView.swift in Sources */,
				6F5ABC0827CA667D00B03138 /* IngredientListVM.swift in Sources */,
				6FFC432427CAACFE00915E90 /* StepDTO.swift in Sources */,
				6F5ABC0327C92BC900B03138 /* RecipeCreateStepListVM.swift in Sources */,
				6FC966CC27B54BA5006C33B4 /* fiche_technique_cuisineApp.swift in Sources */,
				6FC966F627BC46B5006C33B4 /* step.swift in Sources */,
				6FC966F027BC1C61006C33B4 /* denree.swift in Sources */,
				6F3D384A27BE7BDE008C36CD /* DenreeDTO.swift in Sources */,
				6F3D384227BE442E008C36CD /* urlSessionExtend.swift in Sources */,
				6F8E0E9527CD1FA600994BFD /* RecipeDenreeCreateVM.swift in Sources */,
				B7DEF6DE27C514E4003A53BC /* RecipeService.swift in Sources */,
				6FC966ED27BC152F006C33B4 /* listRecipe.swift in Sources */,
				6F8E0EA827CFC84A00994BFD /* IntentStepRead.swift in Sources */,
				6F686C4327D259DB00CCF864 /* CostDTO.swift in Sources */,
				B7DEF6E227C518F6003A53BC /* RecipeOrStepDTO.swift in Sources */,
				6F2B958927C4C6290091F706 /* createIngredient.swift in Sources */,
				6F2B958C27C4E3790091F706 /* ingredientService.swift in Sources */,
				6F5ABBFD27C7E8ED00B03138 /* allergenService.swift in Sources */,
				6F5ABBFF27C90FD100B03138 /* createStep.swift in Sources */,
				B70F364D27C616E500068F4B /* readRecipe.swift in Sources */,
				6F3D385227C12E59008C36CD /* imgDTO.swift in Sources */,
				6F686C3F27D2566800CCF864 /* Cout.swift in Sources */,
				6FC966E627BBF819006C33B4 /* ingredient.swift in Sources */,
				6FC966E427BBF6A2006C33B4 /* cost.swift in Sources */,
				6F5ABC0127C9165B00B03138 /* IntentRecipeCreate.swift in Sources */,
				B763C8B727C4DFB700C79DAF /* IntentListAllergen.swift in Sources */,
				6F8E0E9327CD1F7100994BFD /* createDenree.swift in Sources */,
				B7DEF6E527C5245C003A53BC /* IntentRecipeList.swift in Sources */,
				6F8E0E9727CE44B200994BFD /* IntentRecipeRead.swift in Sources */,
				B763C8AE27C4C91500C79DAF /* listAllergen.swift in Sources */,
				6FFC432B27CBAF0D00915E90 /* IngredientCreateVM.swift in Sources */,
				B763C8B927C4E40200C79DAF /* createAllergen.swift in Sources */,
				6F3D384827BE7BC1008C36CD /* AllergenDTO.swift in Sources */,
				6FC966F227BC455E006C33B4 /* recipe-or-step.swift in Sources */,
				6F8E0EA027CFBF6200994BFD /* ReadDenree.swift in Sources */,
				B7DEF6E827C52972003A53BC /* RecipeListeVM.swift in Sources */,
				6FC966E227BBE74B006C33B4 /* allergen.swift in Sources */,
				6F3D383D27BE3DF1008C36CD /* JSONHelper.swift in Sources */,
				6F8E0EA527CFC38300994BFD /* StepReadVM.swift in Sources */,
				6F3D385027BE949B008C36CD /* IntentListIngredient.swift in Sources */,
				6FC966FA27BC47CF006C33B4 /* recipe.swift in Sources */,
				6FFC432727CAC9CD00915E90 /* DenreeService.swift in Sources */,
				6F8E0EAA27CFD91200994BFD /* ReadStep.swift in Sources */,
				6F3D384427BE54A1008C36CD /* readIngredient.swift in Sources */,
				6F3D383A27BD5DEC008C36CD /* listIngredient.swift in Sources */,
				6F3D384627BE7973008C36CD /* IngredientDTO.swift in Sources */,
				6F2B959227C660CE0091F706 /* createRecipe.swift in Sources */,
				6FFC432927CBADF100915E90 /* IntentIngredientCreate.swift in Sources */,
				6F3D384027BE4065008C36CD /* RecipeDTO.swift in Sources */,
			);
			runOnlyForDeploymentPostprocessing = 0;
		};
		6FC966AD27B54BA5006C33B4 /* Sources */ = {
			isa = PBXSourcesBuildPhase;
			buildActionMask = 2147483647;
			files = (
				6FC966EE27BC15E4006C33B4 /* ContentView.swift in Sources */,
				6FC966CD27B54BA5006C33B4 /* fiche_technique_cuisineApp.swift in Sources */,
			);
			runOnlyForDeploymentPostprocessing = 0;
		};
		6FC966B427B54BA5006C33B4 /* Sources */ = {
			isa = PBXSourcesBuildPhase;
			buildActionMask = 2147483647;
			files = (
				6FC966BF27B54BA5006C33B4 /* Tests_iOSLaunchTests.swift in Sources */,
				6FC966BD27B54BA5006C33B4 /* Tests_iOS.swift in Sources */,
			);
			runOnlyForDeploymentPostprocessing = 0;
		};
		6FC966C027B54BA5006C33B4 /* Sources */ = {
			isa = PBXSourcesBuildPhase;
			buildActionMask = 2147483647;
			files = (
				6FC966CB27B54BA5006C33B4 /* Tests_macOSLaunchTests.swift in Sources */,
				6FC966C927B54BA5006C33B4 /* Tests_macOS.swift in Sources */,
			);
			runOnlyForDeploymentPostprocessing = 0;
		};
/* End PBXSourcesBuildPhase section */

/* Begin PBXTargetDependency section */
		6FC966BA27B54BA5006C33B4 /* PBXTargetDependency */ = {
			isa = PBXTargetDependency;
			target = 6FC966AA27B54BA5006C33B4 /* fiche-technique-cuisine (iOS) */;
			targetProxy = 6FC966B927B54BA5006C33B4 /* PBXContainerItemProxy */;
		};
		6FC966C627B54BA5006C33B4 /* PBXTargetDependency */ = {
			isa = PBXTargetDependency;
			target = 6FC966B027B54BA5006C33B4 /* fiche-technique-cuisine (macOS) */;
			targetProxy = 6FC966C527B54BA5006C33B4 /* PBXContainerItemProxy */;
		};
/* End PBXTargetDependency section */

/* Begin XCBuildConfiguration section */
		6FC966D227B54BA5006C33B4 /* Debug */ = {
			isa = XCBuildConfiguration;
			buildSettings = {
				ALWAYS_SEARCH_USER_PATHS = NO;
				CLANG_ANALYZER_NONNULL = YES;
				CLANG_ANALYZER_NUMBER_OBJECT_CONVERSION = YES_AGGRESSIVE;
				CLANG_CXX_LANGUAGE_STANDARD = "gnu++17";
				CLANG_CXX_LIBRARY = "libc++";
				CLANG_ENABLE_MODULES = YES;
				CLANG_ENABLE_OBJC_ARC = YES;
				CLANG_ENABLE_OBJC_WEAK = YES;
				CLANG_WARN_BLOCK_CAPTURE_AUTORELEASING = YES;
				CLANG_WARN_BOOL_CONVERSION = YES;
				CLANG_WARN_COMMA = YES;
				CLANG_WARN_CONSTANT_CONVERSION = YES;
				CLANG_WARN_DEPRECATED_OBJC_IMPLEMENTATIONS = YES;
				CLANG_WARN_DIRECT_OBJC_ISA_USAGE = YES_ERROR;
				CLANG_WARN_DOCUMENTATION_COMMENTS = YES;
				CLANG_WARN_EMPTY_BODY = YES;
				CLANG_WARN_ENUM_CONVERSION = YES;
				CLANG_WARN_INFINITE_RECURSION = YES;
				CLANG_WARN_INT_CONVERSION = YES;
				CLANG_WARN_NON_LITERAL_NULL_CONVERSION = YES;
				CLANG_WARN_OBJC_IMPLICIT_RETAIN_SELF = YES;
				CLANG_WARN_OBJC_LITERAL_CONVERSION = YES;
				CLANG_WARN_OBJC_ROOT_CLASS = YES_ERROR;
				CLANG_WARN_QUOTED_INCLUDE_IN_FRAMEWORK_HEADER = YES;
				CLANG_WARN_RANGE_LOOP_ANALYSIS = YES;
				CLANG_WARN_STRICT_PROTOTYPES = YES;
				CLANG_WARN_SUSPICIOUS_MOVE = YES;
				CLANG_WARN_UNGUARDED_AVAILABILITY = YES_AGGRESSIVE;
				CLANG_WARN_UNREACHABLE_CODE = YES;
				CLANG_WARN__DUPLICATE_METHOD_MATCH = YES;
				COPY_PHASE_STRIP = NO;
				DEBUG_INFORMATION_FORMAT = dwarf;
				ENABLE_STRICT_OBJC_MSGSEND = YES;
				ENABLE_TESTABILITY = YES;
				GCC_C_LANGUAGE_STANDARD = gnu11;
				GCC_DYNAMIC_NO_PIC = NO;
				GCC_NO_COMMON_BLOCKS = YES;
				GCC_OPTIMIZATION_LEVEL = 0;
				GCC_PREPROCESSOR_DEFINITIONS = (
					"DEBUG=1",
					"$(inherited)",
				);
				GCC_WARN_64_TO_32_BIT_CONVERSION = YES;
				GCC_WARN_ABOUT_RETURN_TYPE = YES_ERROR;
				GCC_WARN_UNDECLARED_SELECTOR = YES;
				GCC_WARN_UNINITIALIZED_AUTOS = YES_AGGRESSIVE;
				GCC_WARN_UNUSED_FUNCTION = YES;
				GCC_WARN_UNUSED_VARIABLE = YES;
				MTL_ENABLE_DEBUG_INFO = INCLUDE_SOURCE;
				MTL_FAST_MATH = YES;
				ONLY_ACTIVE_ARCH = YES;
				SWIFT_ACTIVE_COMPILATION_CONDITIONS = DEBUG;
				SWIFT_OPTIMIZATION_LEVEL = "-Onone";
			};
			name = Debug;
		};
		6FC966D327B54BA5006C33B4 /* Release */ = {
			isa = XCBuildConfiguration;
			buildSettings = {
				ALWAYS_SEARCH_USER_PATHS = NO;
				CLANG_ANALYZER_NONNULL = YES;
				CLANG_ANALYZER_NUMBER_OBJECT_CONVERSION = YES_AGGRESSIVE;
				CLANG_CXX_LANGUAGE_STANDARD = "gnu++17";
				CLANG_CXX_LIBRARY = "libc++";
				CLANG_ENABLE_MODULES = YES;
				CLANG_ENABLE_OBJC_ARC = YES;
				CLANG_ENABLE_OBJC_WEAK = YES;
				CLANG_WARN_BLOCK_CAPTURE_AUTORELEASING = YES;
				CLANG_WARN_BOOL_CONVERSION = YES;
				CLANG_WARN_COMMA = YES;
				CLANG_WARN_CONSTANT_CONVERSION = YES;
				CLANG_WARN_DEPRECATED_OBJC_IMPLEMENTATIONS = YES;
				CLANG_WARN_DIRECT_OBJC_ISA_USAGE = YES_ERROR;
				CLANG_WARN_DOCUMENTATION_COMMENTS = YES;
				CLANG_WARN_EMPTY_BODY = YES;
				CLANG_WARN_ENUM_CONVERSION = YES;
				CLANG_WARN_INFINITE_RECURSION = YES;
				CLANG_WARN_INT_CONVERSION = YES;
				CLANG_WARN_NON_LITERAL_NULL_CONVERSION = YES;
				CLANG_WARN_OBJC_IMPLICIT_RETAIN_SELF = YES;
				CLANG_WARN_OBJC_LITERAL_CONVERSION = YES;
				CLANG_WARN_OBJC_ROOT_CLASS = YES_ERROR;
				CLANG_WARN_QUOTED_INCLUDE_IN_FRAMEWORK_HEADER = YES;
				CLANG_WARN_RANGE_LOOP_ANALYSIS = YES;
				CLANG_WARN_STRICT_PROTOTYPES = YES;
				CLANG_WARN_SUSPICIOUS_MOVE = YES;
				CLANG_WARN_UNGUARDED_AVAILABILITY = YES_AGGRESSIVE;
				CLANG_WARN_UNREACHABLE_CODE = YES;
				CLANG_WARN__DUPLICATE_METHOD_MATCH = YES;
				COPY_PHASE_STRIP = NO;
				DEBUG_INFORMATION_FORMAT = "dwarf-with-dsym";
				ENABLE_NS_ASSERTIONS = NO;
				ENABLE_STRICT_OBJC_MSGSEND = YES;
				GCC_C_LANGUAGE_STANDARD = gnu11;
				GCC_NO_COMMON_BLOCKS = YES;
				GCC_WARN_64_TO_32_BIT_CONVERSION = YES;
				GCC_WARN_ABOUT_RETURN_TYPE = YES_ERROR;
				GCC_WARN_UNDECLARED_SELECTOR = YES;
				GCC_WARN_UNINITIALIZED_AUTOS = YES_AGGRESSIVE;
				GCC_WARN_UNUSED_FUNCTION = YES;
				GCC_WARN_UNUSED_VARIABLE = YES;
				MTL_ENABLE_DEBUG_INFO = NO;
				MTL_FAST_MATH = YES;
				SWIFT_COMPILATION_MODE = wholemodule;
				SWIFT_OPTIMIZATION_LEVEL = "-O";
			};
			name = Release;
		};
		6FC966D527B54BA5006C33B4 /* Debug */ = {
			isa = XCBuildConfiguration;
			buildSettings = {
				ASSETCATALOG_COMPILER_APPICON_NAME = AppIcon;
				ASSETCATALOG_COMPILER_GLOBAL_ACCENT_COLOR_NAME = AccentColor;
				CODE_SIGN_STYLE = Automatic;
				CURRENT_PROJECT_VERSION = 1;
				DEVELOPMENT_TEAM = 8H394S4LWT;
				ENABLE_PREVIEWS = YES;
				GENERATE_INFOPLIST_FILE = YES;
				INFOPLIST_KEY_UIApplicationSceneManifest_Generation = YES;
				INFOPLIST_KEY_UIApplicationSupportsIndirectInputEvents = YES;
				INFOPLIST_KEY_UILaunchScreen_Generation = YES;
				INFOPLIST_KEY_UISupportedInterfaceOrientations_iPad = "UIInterfaceOrientationPortrait UIInterfaceOrientationPortraitUpsideDown UIInterfaceOrientationLandscapeLeft UIInterfaceOrientationLandscapeRight";
				INFOPLIST_KEY_UISupportedInterfaceOrientations_iPhone = "UIInterfaceOrientationPortrait UIInterfaceOrientationLandscapeLeft UIInterfaceOrientationLandscapeRight";
				IPHONEOS_DEPLOYMENT_TARGET = 15.0;
				LD_RUNPATH_SEARCH_PATHS = (
					"$(inherited)",
					"@executable_path/Frameworks",
				);
				MARKETING_VERSION = 1.0;
				PRODUCT_BUNDLE_IDENTIFIER = "polytech-Vendran-Paget.fiche-technique-cuisine";
				PRODUCT_NAME = "fiche-technique-cuisine";
				SDKROOT = iphoneos;
				SWIFT_EMIT_LOC_STRINGS = YES;
				SWIFT_VERSION = 5.0;
				TARGETED_DEVICE_FAMILY = "1,2";
			};
			name = Debug;
		};
		6FC966D627B54BA5006C33B4 /* Release */ = {
			isa = XCBuildConfiguration;
			buildSettings = {
				ASSETCATALOG_COMPILER_APPICON_NAME = AppIcon;
				ASSETCATALOG_COMPILER_GLOBAL_ACCENT_COLOR_NAME = AccentColor;
				CODE_SIGN_STYLE = Automatic;
				CURRENT_PROJECT_VERSION = 1;
				DEVELOPMENT_TEAM = 8H394S4LWT;
				ENABLE_PREVIEWS = YES;
				GENERATE_INFOPLIST_FILE = YES;
				INFOPLIST_KEY_UIApplicationSceneManifest_Generation = YES;
				INFOPLIST_KEY_UIApplicationSupportsIndirectInputEvents = YES;
				INFOPLIST_KEY_UILaunchScreen_Generation = YES;
				INFOPLIST_KEY_UISupportedInterfaceOrientations_iPad = "UIInterfaceOrientationPortrait UIInterfaceOrientationPortraitUpsideDown UIInterfaceOrientationLandscapeLeft UIInterfaceOrientationLandscapeRight";
				INFOPLIST_KEY_UISupportedInterfaceOrientations_iPhone = "UIInterfaceOrientationPortrait UIInterfaceOrientationLandscapeLeft UIInterfaceOrientationLandscapeRight";
				IPHONEOS_DEPLOYMENT_TARGET = 15.0;
				LD_RUNPATH_SEARCH_PATHS = (
					"$(inherited)",
					"@executable_path/Frameworks",
				);
				MARKETING_VERSION = 1.0;
				PRODUCT_BUNDLE_IDENTIFIER = "polytech-Vendran-Paget.fiche-technique-cuisine";
				PRODUCT_NAME = "fiche-technique-cuisine";
				SDKROOT = iphoneos;
				SWIFT_EMIT_LOC_STRINGS = YES;
				SWIFT_VERSION = 5.0;
				TARGETED_DEVICE_FAMILY = "1,2";
				VALIDATE_PRODUCT = YES;
			};
			name = Release;
		};
		6FC966D827B54BA5006C33B4 /* Debug */ = {
			isa = XCBuildConfiguration;
			buildSettings = {
				ASSETCATALOG_COMPILER_APPICON_NAME = AppIcon;
				ASSETCATALOG_COMPILER_GLOBAL_ACCENT_COLOR_NAME = AccentColor;
				CODE_SIGN_ENTITLEMENTS = macOS/macOS.entitlements;
				CODE_SIGN_STYLE = Automatic;
				COMBINE_HIDPI_IMAGES = YES;
				CURRENT_PROJECT_VERSION = 1;
				ENABLE_PREVIEWS = YES;
				GENERATE_INFOPLIST_FILE = YES;
				INFOPLIST_KEY_NSHumanReadableCopyright = "";
				LD_RUNPATH_SEARCH_PATHS = (
					"$(inherited)",
					"@executable_path/../Frameworks",
				);
				MACOSX_DEPLOYMENT_TARGET = 12.0;
				MARKETING_VERSION = 1.0;
				PRODUCT_BUNDLE_IDENTIFIER = "polytech-Vendran-Paget.fiche-technique-cuisine";
				PRODUCT_NAME = "fiche-technique-cuisine";
				SDKROOT = macosx;
				SWIFT_EMIT_LOC_STRINGS = YES;
				SWIFT_VERSION = 5.0;
			};
			name = Debug;
		};
		6FC966D927B54BA5006C33B4 /* Release */ = {
			isa = XCBuildConfiguration;
			buildSettings = {
				ASSETCATALOG_COMPILER_APPICON_NAME = AppIcon;
				ASSETCATALOG_COMPILER_GLOBAL_ACCENT_COLOR_NAME = AccentColor;
				CODE_SIGN_ENTITLEMENTS = macOS/macOS.entitlements;
				CODE_SIGN_STYLE = Automatic;
				COMBINE_HIDPI_IMAGES = YES;
				CURRENT_PROJECT_VERSION = 1;
				ENABLE_PREVIEWS = YES;
				GENERATE_INFOPLIST_FILE = YES;
				INFOPLIST_KEY_NSHumanReadableCopyright = "";
				LD_RUNPATH_SEARCH_PATHS = (
					"$(inherited)",
					"@executable_path/../Frameworks",
				);
				MACOSX_DEPLOYMENT_TARGET = 12.0;
				MARKETING_VERSION = 1.0;
				PRODUCT_BUNDLE_IDENTIFIER = "polytech-Vendran-Paget.fiche-technique-cuisine";
				PRODUCT_NAME = "fiche-technique-cuisine";
				SDKROOT = macosx;
				SWIFT_EMIT_LOC_STRINGS = YES;
				SWIFT_VERSION = 5.0;
			};
			name = Release;
		};
		6FC966DB27B54BA5006C33B4 /* Debug */ = {
			isa = XCBuildConfiguration;
			buildSettings = {
				ALWAYS_EMBED_SWIFT_STANDARD_LIBRARIES = YES;
				CODE_SIGN_STYLE = Automatic;
				CURRENT_PROJECT_VERSION = 1;
				GENERATE_INFOPLIST_FILE = YES;
				IPHONEOS_DEPLOYMENT_TARGET = 15.0;
				LD_RUNPATH_SEARCH_PATHS = (
					"$(inherited)",
					"@executable_path/Frameworks",
					"@loader_path/Frameworks",
				);
				MARKETING_VERSION = 1.0;
				PRODUCT_BUNDLE_IDENTIFIER = "polytech-Vendran-Paget.Tests-iOS";
				PRODUCT_NAME = "$(TARGET_NAME)";
				SDKROOT = iphoneos;
				SWIFT_EMIT_LOC_STRINGS = NO;
				SWIFT_VERSION = 5.0;
				TARGETED_DEVICE_FAMILY = "1,2";
				TEST_TARGET_NAME = "fiche-technique-cuisine (iOS)";
			};
			name = Debug;
		};
		6FC966DC27B54BA5006C33B4 /* Release */ = {
			isa = XCBuildConfiguration;
			buildSettings = {
				ALWAYS_EMBED_SWIFT_STANDARD_LIBRARIES = YES;
				CODE_SIGN_STYLE = Automatic;
				CURRENT_PROJECT_VERSION = 1;
				GENERATE_INFOPLIST_FILE = YES;
				IPHONEOS_DEPLOYMENT_TARGET = 15.0;
				LD_RUNPATH_SEARCH_PATHS = (
					"$(inherited)",
					"@executable_path/Frameworks",
					"@loader_path/Frameworks",
				);
				MARKETING_VERSION = 1.0;
				PRODUCT_BUNDLE_IDENTIFIER = "polytech-Vendran-Paget.Tests-iOS";
				PRODUCT_NAME = "$(TARGET_NAME)";
				SDKROOT = iphoneos;
				SWIFT_EMIT_LOC_STRINGS = NO;
				SWIFT_VERSION = 5.0;
				TARGETED_DEVICE_FAMILY = "1,2";
				TEST_TARGET_NAME = "fiche-technique-cuisine (iOS)";
				VALIDATE_PRODUCT = YES;
			};
			name = Release;
		};
		6FC966DE27B54BA5006C33B4 /* Debug */ = {
			isa = XCBuildConfiguration;
			buildSettings = {
				ALWAYS_EMBED_SWIFT_STANDARD_LIBRARIES = YES;
				CODE_SIGN_STYLE = Automatic;
				COMBINE_HIDPI_IMAGES = YES;
				CURRENT_PROJECT_VERSION = 1;
				GENERATE_INFOPLIST_FILE = YES;
				LD_RUNPATH_SEARCH_PATHS = (
					"$(inherited)",
					"@executable_path/../Frameworks",
					"@loader_path/../Frameworks",
				);
				MACOSX_DEPLOYMENT_TARGET = 12.0;
				MARKETING_VERSION = 1.0;
				PRODUCT_BUNDLE_IDENTIFIER = "polytech-Vendran-Paget.Tests-macOS";
				PRODUCT_NAME = "$(TARGET_NAME)";
				SDKROOT = macosx;
				SWIFT_EMIT_LOC_STRINGS = NO;
				SWIFT_VERSION = 5.0;
				TEST_TARGET_NAME = "fiche-technique-cuisine (macOS)";
			};
			name = Debug;
		};
		6FC966DF27B54BA5006C33B4 /* Release */ = {
			isa = XCBuildConfiguration;
			buildSettings = {
				ALWAYS_EMBED_SWIFT_STANDARD_LIBRARIES = YES;
				CODE_SIGN_STYLE = Automatic;
				COMBINE_HIDPI_IMAGES = YES;
				CURRENT_PROJECT_VERSION = 1;
				GENERATE_INFOPLIST_FILE = YES;
				LD_RUNPATH_SEARCH_PATHS = (
					"$(inherited)",
					"@executable_path/../Frameworks",
					"@loader_path/../Frameworks",
				);
				MACOSX_DEPLOYMENT_TARGET = 12.0;
				MARKETING_VERSION = 1.0;
				PRODUCT_BUNDLE_IDENTIFIER = "polytech-Vendran-Paget.Tests-macOS";
				PRODUCT_NAME = "$(TARGET_NAME)";
				SDKROOT = macosx;
				SWIFT_EMIT_LOC_STRINGS = NO;
				SWIFT_VERSION = 5.0;
				TEST_TARGET_NAME = "fiche-technique-cuisine (macOS)";
			};
			name = Release;
		};
/* End XCBuildConfiguration section */

/* Begin XCConfigurationList section */
		6FC966A227B54BA4006C33B4 /* Build configuration list for PBXProject "fiche-technique-cuisine" */ = {
			isa = XCConfigurationList;
			buildConfigurations = (
				6FC966D227B54BA5006C33B4 /* Debug */,
				6FC966D327B54BA5006C33B4 /* Release */,
			);
			defaultConfigurationIsVisible = 0;
			defaultConfigurationName = Release;
		};
		6FC966D427B54BA5006C33B4 /* Build configuration list for PBXNativeTarget "fiche-technique-cuisine (iOS)" */ = {
			isa = XCConfigurationList;
			buildConfigurations = (
				6FC966D527B54BA5006C33B4 /* Debug */,
				6FC966D627B54BA5006C33B4 /* Release */,
			);
			defaultConfigurationIsVisible = 0;
			defaultConfigurationName = Release;
		};
		6FC966D727B54BA5006C33B4 /* Build configuration list for PBXNativeTarget "fiche-technique-cuisine (macOS)" */ = {
			isa = XCConfigurationList;
			buildConfigurations = (
				6FC966D827B54BA5006C33B4 /* Debug */,
				6FC966D927B54BA5006C33B4 /* Release */,
			);
			defaultConfigurationIsVisible = 0;
			defaultConfigurationName = Release;
		};
		6FC966DA27B54BA5006C33B4 /* Build configuration list for PBXNativeTarget "Tests iOS" */ = {
			isa = XCConfigurationList;
			buildConfigurations = (
				6FC966DB27B54BA5006C33B4 /* Debug */,
				6FC966DC27B54BA5006C33B4 /* Release */,
			);
			defaultConfigurationIsVisible = 0;
			defaultConfigurationName = Release;
		};
		6FC966DD27B54BA5006C33B4 /* Build configuration list for PBXNativeTarget "Tests macOS" */ = {
			isa = XCConfigurationList;
			buildConfigurations = (
				6FC966DE27B54BA5006C33B4 /* Debug */,
				6FC966DF27B54BA5006C33B4 /* Release */,
			);
			defaultConfigurationIsVisible = 0;
			defaultConfigurationName = Release;
		};
/* End XCConfigurationList section */
	};
	rootObject = 6FC9669F27B54BA4006C33B4 /* Project object */;
}
